// !$*UTF8*$!
{
	archiveVersion = 1;
	classes = {
	};
	objectVersion = 46;
	objects = {

/* Begin PBXBuildFile section */
		B915E9E41BED72D1003AB2E5 /* FloorMapViewController.swift in Sources */ = {isa = PBXBuildFile; fileRef = B915E9E31BED72D1003AB2E5 /* FloorMapViewController.swift */; };
		B92251091BF51157000E4829 /* RoomFinderViewController.swift in Sources */ = {isa = PBXBuildFile; fileRef = B92251081BF51157000E4829 /* RoomFinderViewController.swift */; };
		B951F5861BED3D8A00E14BD9 /* Common.swift in Sources */ = {isa = PBXBuildFile; fileRef = B951F5851BED3D8A00E14BD9 /* Common.swift */; };
		B99841E31BF936430002816F /* RoomCell.swift in Sources */ = {isa = PBXBuildFile; fileRef = B99841E21BF936430002816F /* RoomCell.swift */; };
		B99841E51BF937EA0002816F /* SearchResultsTableViewCell.swift in Sources */ = {isa = PBXBuildFile; fileRef = B99841E41BF937EA0002816F /* SearchResultsTableViewCell.swift */; };
		B99B73EC1BEBE9C70037D47D /* LoginViewController.swift in Sources */ = {isa = PBXBuildFile; fileRef = B99B73EB1BEBE9C70037D47D /* LoginViewController.swift */; };
		CAE7D5C31BE06EA7006EBCF9 /* AppDelegate.swift in Sources */ = {isa = PBXBuildFile; fileRef = CAE7D5C21BE06EA7006EBCF9 /* AppDelegate.swift */; };
		CAE7D5C51BE06EA7006EBCF9 /* ViewController.swift in Sources */ = {isa = PBXBuildFile; fileRef = CAE7D5C41BE06EA7006EBCF9 /* ViewController.swift */; };
		CAE7D5C81BE06EA7006EBCF9 /* Main.storyboard in Resources */ = {isa = PBXBuildFile; fileRef = CAE7D5C61BE06EA7006EBCF9 /* Main.storyboard */; };
		CAE7D5CA1BE06EA7006EBCF9 /* Assets.xcassets in Resources */ = {isa = PBXBuildFile; fileRef = CAE7D5C91BE06EA7006EBCF9 /* Assets.xcassets */; };
		CAE7D5CD1BE06EA7006EBCF9 /* LaunchScreen.storyboard in Resources */ = {isa = PBXBuildFile; fileRef = CAE7D5CB1BE06EA7006EBCF9 /* LaunchScreen.storyboard */; };
		CAE7D5D81BE06EA7006EBCF9 /* FloorMapTests.swift in Sources */ = {isa = PBXBuildFile; fileRef = CAE7D5D71BE06EA7006EBCF9 /* FloorMapTests.swift */; };
		CAE7D5E31BE06EA7006EBCF9 /* FloorMapUITests.swift in Sources */ = {isa = PBXBuildFile; fileRef = CAE7D5E21BE06EA7006EBCF9 /* FloorMapUITests.swift */; };
/* End PBXBuildFile section */

/* Begin PBXContainerItemProxy section */
		CAE7D5D41BE06EA7006EBCF9 /* PBXContainerItemProxy */ = {
			isa = PBXContainerItemProxy;
			containerPortal = CAE7D5B71BE06EA7006EBCF9 /* Project object */;
			proxyType = 1;
			remoteGlobalIDString = CAE7D5BE1BE06EA7006EBCF9;
			remoteInfo = FloorMap;
		};
		CAE7D5DF1BE06EA7006EBCF9 /* PBXContainerItemProxy */ = {
			isa = PBXContainerItemProxy;
			containerPortal = CAE7D5B71BE06EA7006EBCF9 /* Project object */;
			proxyType = 1;
			remoteGlobalIDString = CAE7D5BE1BE06EA7006EBCF9;
			remoteInfo = FloorMap;
		};
/* End PBXContainerItemProxy section */

/* Begin PBXFileReference section */
		B915E9E31BED72D1003AB2E5 /* FloorMapViewController.swift */ = {isa = PBXFileReference; fileEncoding = 4; lastKnownFileType = sourcecode.swift; path = FloorMapViewController.swift; sourceTree = "<group>"; };
		B92251081BF51157000E4829 /* RoomFinderViewController.swift */ = {isa = PBXFileReference; fileEncoding = 4; lastKnownFileType = sourcecode.swift; path = RoomFinderViewController.swift; sourceTree = "<group>"; };
		B951F5851BED3D8A00E14BD9 /* Common.swift */ = {isa = PBXFileReference; fileEncoding = 4; lastKnownFileType = sourcecode.swift; path = Common.swift; sourceTree = "<group>"; };
		B99841E21BF936430002816F /* RoomCell.swift */ = {isa = PBXFileReference; fileEncoding = 4; lastKnownFileType = sourcecode.swift; name = RoomCell.swift; path = ../RoomCell.swift; sourceTree = "<group>"; };
		B99841E41BF937EA0002816F /* SearchResultsTableViewCell.swift */ = {isa = PBXFileReference; fileEncoding = 4; lastKnownFileType = sourcecode.swift; path = SearchResultsTableViewCell.swift; sourceTree = "<group>"; };
		B99B73EB1BEBE9C70037D47D /* LoginViewController.swift */ = {isa = PBXFileReference; fileEncoding = 4; lastKnownFileType = sourcecode.swift; path = LoginViewController.swift; sourceTree = "<group>"; };
		CAE7D5BF1BE06EA7006EBCF9 /* FloorMap.app */ = {isa = PBXFileReference; explicitFileType = wrapper.application; includeInIndex = 0; path = FloorMap.app; sourceTree = BUILT_PRODUCTS_DIR; };
		CAE7D5C21BE06EA7006EBCF9 /* AppDelegate.swift */ = {isa = PBXFileReference; lastKnownFileType = sourcecode.swift; path = AppDelegate.swift; sourceTree = "<group>"; };
		CAE7D5C41BE06EA7006EBCF9 /* ViewController.swift */ = {isa = PBXFileReference; lastKnownFileType = sourcecode.swift; path = ViewController.swift; sourceTree = "<group>"; };
		CAE7D5C71BE06EA7006EBCF9 /* Base */ = {isa = PBXFileReference; lastKnownFileType = file.storyboard; name = Base; path = Base.lproj/Main.storyboard; sourceTree = "<group>"; };
		CAE7D5C91BE06EA7006EBCF9 /* Assets.xcassets */ = {isa = PBXFileReference; lastKnownFileType = folder.assetcatalog; path = Assets.xcassets; sourceTree = "<group>"; };
		CAE7D5CC1BE06EA7006EBCF9 /* Base */ = {isa = PBXFileReference; lastKnownFileType = file.storyboard; name = Base; path = Base.lproj/LaunchScreen.storyboard; sourceTree = "<group>"; };
		CAE7D5CE1BE06EA7006EBCF9 /* Info.plist */ = {isa = PBXFileReference; lastKnownFileType = text.plist.xml; path = Info.plist; sourceTree = "<group>"; };
		CAE7D5D31BE06EA7006EBCF9 /* FloorMapTests.xctest */ = {isa = PBXFileReference; explicitFileType = wrapper.cfbundle; includeInIndex = 0; path = FloorMapTests.xctest; sourceTree = BUILT_PRODUCTS_DIR; };
		CAE7D5D71BE06EA7006EBCF9 /* FloorMapTests.swift */ = {isa = PBXFileReference; lastKnownFileType = sourcecode.swift; path = FloorMapTests.swift; sourceTree = "<group>"; };
		CAE7D5D91BE06EA7006EBCF9 /* Info.plist */ = {isa = PBXFileReference; lastKnownFileType = text.plist.xml; path = Info.plist; sourceTree = "<group>"; };
		CAE7D5DE1BE06EA7006EBCF9 /* FloorMapUITests.xctest */ = {isa = PBXFileReference; explicitFileType = wrapper.cfbundle; includeInIndex = 0; path = FloorMapUITests.xctest; sourceTree = BUILT_PRODUCTS_DIR; };
		CAE7D5E21BE06EA7006EBCF9 /* FloorMapUITests.swift */ = {isa = PBXFileReference; lastKnownFileType = sourcecode.swift; path = FloorMapUITests.swift; sourceTree = "<group>"; };
		CAE7D5E41BE06EA7006EBCF9 /* Info.plist */ = {isa = PBXFileReference; lastKnownFileType = text.plist.xml; path = Info.plist; sourceTree = "<group>"; };
/* End PBXFileReference section */

/* Begin PBXFrameworksBuildPhase section */
		CAE7D5BC1BE06EA7006EBCF9 /* Frameworks */ = {
			isa = PBXFrameworksBuildPhase;
			buildActionMask = 2147483647;
			files = (
			);
			runOnlyForDeploymentPostprocessing = 0;
		};
		CAE7D5D01BE06EA7006EBCF9 /* Frameworks */ = {
			isa = PBXFrameworksBuildPhase;
			buildActionMask = 2147483647;
			files = (
			);
			runOnlyForDeploymentPostprocessing = 0;
		};
		CAE7D5DB1BE06EA7006EBCF9 /* Frameworks */ = {
			isa = PBXFrameworksBuildPhase;
			buildActionMask = 2147483647;
			files = (
			);
			runOnlyForDeploymentPostprocessing = 0;
		};
/* End PBXFrameworksBuildPhase section */

/* Begin PBXGroup section */
		CAE7D5B61BE06EA7006EBCF9 = {
			isa = PBXGroup;
			children = (
				CAE7D5C11BE06EA7006EBCF9 /* FloorMap */,
				CAE7D5D61BE06EA7006EBCF9 /* FloorMapTests */,
				CAE7D5E11BE06EA7006EBCF9 /* FloorMapUITests */,
				CAE7D5C01BE06EA7006EBCF9 /* Products */,
			);
			sourceTree = "<group>";
		};
		CAE7D5C01BE06EA7006EBCF9 /* Products */ = {
			isa = PBXGroup;
			children = (
				CAE7D5BF1BE06EA7006EBCF9 /* FloorMap.app */,
				CAE7D5D31BE06EA7006EBCF9 /* FloorMapTests.xctest */,
				CAE7D5DE1BE06EA7006EBCF9 /* FloorMapUITests.xctest */,
			);
			name = Products;
			sourceTree = "<group>";
		};
		CAE7D5C11BE06EA7006EBCF9 /* FloorMap */ = {
			isa = PBXGroup;
			children = (
				CAE7D5C61BE06EA7006EBCF9 /* Main.storyboard */,
				B99841E41BF937EA0002816F /* SearchResultsTableViewCell.swift */,
				B915E9E31BED72D1003AB2E5 /* FloorMapViewController.swift */,
				B92251081BF51157000E4829 /* RoomFinderViewController.swift */,
				B99B73EB1BEBE9C70037D47D /* LoginViewController.swift */,
				CAE7D5C91BE06EA7006EBCF9 /* Assets.xcassets */,
				CAE7D5CB1BE06EA7006EBCF9 /* LaunchScreen.storyboard */,
				CAE7D5CE1BE06EA7006EBCF9 /* Info.plist */,
				CAE7D5C41BE06EA7006EBCF9 /* ViewController.swift */,
				B951F5851BED3D8A00E14BD9 /* Common.swift */,
				CAE7D5C21BE06EA7006EBCF9 /* AppDelegate.swift */,
				B99841E21BF936430002816F /* RoomCell.swift */,
			);
			path = FloorMap;
			sourceTree = "<group>";
		};
		CAE7D5D61BE06EA7006EBCF9 /* FloorMapTests */ = {
			isa = PBXGroup;
			children = (
				CAE7D5D71BE06EA7006EBCF9 /* FloorMapTests.swift */,
				CAE7D5D91BE06EA7006EBCF9 /* Info.plist */,
			);
			path = FloorMapTests;
			sourceTree = "<group>";
		};
		CAE7D5E11BE06EA7006EBCF9 /* FloorMapUITests */ = {
			isa = PBXGroup;
			children = (
				CAE7D5E21BE06EA7006EBCF9 /* FloorMapUITests.swift */,
				CAE7D5E41BE06EA7006EBCF9 /* Info.plist */,
			);
			path = FloorMapUITests;
			sourceTree = "<group>";
		};
/* End PBXGroup section */

/* Begin PBXNativeTarget section */
		CAE7D5BE1BE06EA7006EBCF9 /* FloorMap */ = {
			isa = PBXNativeTarget;
			buildConfigurationList = CAE7D5E71BE06EA7006EBCF9 /* Build configuration list for PBXNativeTarget "FloorMap" */;
			buildPhases = (
				CAE7D5BB1BE06EA7006EBCF9 /* Sources */,
				CAE7D5BC1BE06EA7006EBCF9 /* Frameworks */,
				CAE7D5BD1BE06EA7006EBCF9 /* Resources */,
			);
			buildRules = (
			);
			dependencies = (
			);
			name = FloorMap;
			productName = FloorMap;
			productReference = CAE7D5BF1BE06EA7006EBCF9 /* FloorMap.app */;
			productType = "com.apple.product-type.application";
		};
		CAE7D5D21BE06EA7006EBCF9 /* FloorMapTests */ = {
			isa = PBXNativeTarget;
			buildConfigurationList = CAE7D5EA1BE06EA7006EBCF9 /* Build configuration list for PBXNativeTarget "FloorMapTests" */;
			buildPhases = (
				CAE7D5CF1BE06EA7006EBCF9 /* Sources */,
				CAE7D5D01BE06EA7006EBCF9 /* Frameworks */,
				CAE7D5D11BE06EA7006EBCF9 /* Resources */,
			);
			buildRules = (
			);
			dependencies = (
				CAE7D5D51BE06EA7006EBCF9 /* PBXTargetDependency */,
			);
			name = FloorMapTests;
			productName = FloorMapTests;
			productReference = CAE7D5D31BE06EA7006EBCF9 /* FloorMapTests.xctest */;
			productType = "com.apple.product-type.bundle.unit-test";
		};
		CAE7D5DD1BE06EA7006EBCF9 /* FloorMapUITests */ = {
			isa = PBXNativeTarget;
			buildConfigurationList = CAE7D5ED1BE06EA7006EBCF9 /* Build configuration list for PBXNativeTarget "FloorMapUITests" */;
			buildPhases = (
				CAE7D5DA1BE06EA7006EBCF9 /* Sources */,
				CAE7D5DB1BE06EA7006EBCF9 /* Frameworks */,
				CAE7D5DC1BE06EA7006EBCF9 /* Resources */,
			);
			buildRules = (
			);
			dependencies = (
				CAE7D5E01BE06EA7006EBCF9 /* PBXTargetDependency */,
			);
			name = FloorMapUITests;
			productName = FloorMapUITests;
			productReference = CAE7D5DE1BE06EA7006EBCF9 /* FloorMapUITests.xctest */;
			productType = "com.apple.product-type.bundle.ui-testing";
		};
/* End PBXNativeTarget section */

/* Begin PBXProject section */
		CAE7D5B71BE06EA7006EBCF9 /* Project object */ = {
			isa = PBXProject;
			attributes = {
				LastUpgradeCheck = 0700;
				ORGANIZATIONNAME = Teus;
				TargetAttributes = {
					CAE7D5BE1BE06EA7006EBCF9 = {
						CreatedOnToolsVersion = 7.0;
						DevelopmentTeam = H8U2TA4KA6;
					};
					CAE7D5D21BE06EA7006EBCF9 = {
						CreatedOnToolsVersion = 7.0;
						DevelopmentTeam = H8U2TA4KA6;
						TestTargetID = CAE7D5BE1BE06EA7006EBCF9;
					};
					CAE7D5DD1BE06EA7006EBCF9 = {
						CreatedOnToolsVersion = 7.0;
						DevelopmentTeam = H8U2TA4KA6;
						TestTargetID = CAE7D5BE1BE06EA7006EBCF9;
					};
				};
			};
			buildConfigurationList = CAE7D5BA1BE06EA7006EBCF9 /* Build configuration list for PBXProject "FloorMap" */;
			compatibilityVersion = "Xcode 3.2";
			developmentRegion = English;
			hasScannedForEncodings = 0;
			knownRegions = (
				en,
				Base,
			);
			mainGroup = CAE7D5B61BE06EA7006EBCF9;
			productRefGroup = CAE7D5C01BE06EA7006EBCF9 /* Products */;
			projectDirPath = "";
			projectRoot = "";
			targets = (
				CAE7D5BE1BE06EA7006EBCF9 /* FloorMap */,
				CAE7D5D21BE06EA7006EBCF9 /* FloorMapTests */,
				CAE7D5DD1BE06EA7006EBCF9 /* FloorMapUITests */,
			);
		};
/* End PBXProject section */

/* Begin PBXResourcesBuildPhase section */
		CAE7D5BD1BE06EA7006EBCF9 /* Resources */ = {
			isa = PBXResourcesBuildPhase;
			buildActionMask = 2147483647;
			files = (
				CAE7D5CD1BE06EA7006EBCF9 /* LaunchScreen.storyboard in Resources */,
				CAE7D5CA1BE06EA7006EBCF9 /* Assets.xcassets in Resources */,
				CAE7D5C81BE06EA7006EBCF9 /* Main.storyboard in Resources */,
			);
			runOnlyForDeploymentPostprocessing = 0;
		};
		CAE7D5D11BE06EA7006EBCF9 /* Resources */ = {
			isa = PBXResourcesBuildPhase;
			buildActionMask = 2147483647;
			files = (
			);
			runOnlyForDeploymentPostprocessing = 0;
		};
		CAE7D5DC1BE06EA7006EBCF9 /* Resources */ = {
			isa = PBXResourcesBuildPhase;
			buildActionMask = 2147483647;
			files = (
			);
			runOnlyForDeploymentPostprocessing = 0;
		};
/* End PBXResourcesBuildPhase section */

/* Begin PBXSourcesBuildPhase section */
		CAE7D5BB1BE06EA7006EBCF9 /* Sources */ = {
			isa = PBXSourcesBuildPhase;
			buildActionMask = 2147483647;
			files = (
				B951F5861BED3D8A00E14BD9 /* Common.swift in Sources */,
				B92251091BF51157000E4829 /* RoomFinderViewController.swift in Sources */,
				B99B73EC1BEBE9C70037D47D /* LoginViewController.swift in Sources */,
				CAE7D5C51BE06EA7006EBCF9 /* ViewController.swift in Sources */,
				B99841E51BF937EA0002816F /* SearchResultsTableViewCell.swift in Sources */,
				CAE7D5C31BE06EA7006EBCF9 /* AppDelegate.swift in Sources */,
				B99841E31BF936430002816F /* RoomCell.swift in Sources */,
				B915E9E41BED72D1003AB2E5 /* FloorMapViewController.swift in Sources */,
			);
			runOnlyForDeploymentPostprocessing = 0;
		};
		CAE7D5CF1BE06EA7006EBCF9 /* Sources */ = {
			isa = PBXSourcesBuildPhase;
			buildActionMask = 2147483647;
			files = (
				CAE7D5D81BE06EA7006EBCF9 /* FloorMapTests.swift in Sources */,
			);
			runOnlyForDeploymentPostprocessing = 0;
		};
		CAE7D5DA1BE06EA7006EBCF9 /* Sources */ = {
			isa = PBXSourcesBuildPhase;
			buildActionMask = 2147483647;
			files = (
				CAE7D5E31BE06EA7006EBCF9 /* FloorMapUITests.swift in Sources */,
			);
			runOnlyForDeploymentPostprocessing = 0;
		};
/* End PBXSourcesBuildPhase section */

/* Begin PBXTargetDependency section */
		CAE7D5D51BE06EA7006EBCF9 /* PBXTargetDependency */ = {
			isa = PBXTargetDependency;
			target = CAE7D5BE1BE06EA7006EBCF9 /* FloorMap */;
			targetProxy = CAE7D5D41BE06EA7006EBCF9 /* PBXContainerItemProxy */;
		};
		CAE7D5E01BE06EA7006EBCF9 /* PBXTargetDependency */ = {
			isa = PBXTargetDependency;
			target = CAE7D5BE1BE06EA7006EBCF9 /* FloorMap */;
			targetProxy = CAE7D5DF1BE06EA7006EBCF9 /* PBXContainerItemProxy */;
		};
/* End PBXTargetDependency section */

/* Begin PBXVariantGroup section */
		CAE7D5C61BE06EA7006EBCF9 /* Main.storyboard */ = {
			isa = PBXVariantGroup;
			children = (
				CAE7D5C71BE06EA7006EBCF9 /* Base */,
			);
			name = Main.storyboard;
			sourceTree = "<group>";
		};
		CAE7D5CB1BE06EA7006EBCF9 /* LaunchScreen.storyboard */ = {
			isa = PBXVariantGroup;
			children = (
				CAE7D5CC1BE06EA7006EBCF9 /* Base */,
			);
			name = LaunchScreen.storyboard;
			sourceTree = "<group>";
		};
/* End PBXVariantGroup section */

/* Begin XCBuildConfiguration section */
		CAE7D5E51BE06EA7006EBCF9 /* Debug */ = {
			isa = XCBuildConfiguration;
			buildSettings = {
				ALWAYS_SEARCH_USER_PATHS = NO;
				CLANG_CXX_LANGUAGE_STANDARD = "gnu++0x";
				CLANG_CXX_LIBRARY = "libc++";
				CLANG_ENABLE_MODULES = YES;
				CLANG_ENABLE_OBJC_ARC = YES;
				CLANG_WARN_BOOL_CONVERSION = YES;
				CLANG_WARN_CONSTANT_CONVERSION = YES;
				CLANG_WARN_DIRECT_OBJC_ISA_USAGE = YES_ERROR;
				CLANG_WARN_EMPTY_BODY = YES;
				CLANG_WARN_ENUM_CONVERSION = YES;
				CLANG_WARN_INT_CONVERSION = YES;
				CLANG_WARN_OBJC_ROOT_CLASS = YES_ERROR;
				CLANG_WARN_UNREACHABLE_CODE = YES;
				CLANG_WARN__DUPLICATE_METHOD_MATCH = YES;
				"CODE_SIGN_IDENTITY[sdk=iphoneos*]" = "iPhone Developer";
				COPY_PHASE_STRIP = NO;
				DEBUG_INFORMATION_FORMAT = dwarf;
				ENABLE_STRICT_OBJC_MSGSEND = YES;
				ENABLE_TESTABILITY = YES;
				GCC_C_LANGUAGE_STANDARD = gnu99;
				GCC_DYNAMIC_NO_PIC = NO;
				GCC_NO_COMMON_BLOCKS = YES;
				GCC_OPTIMIZATION_LEVEL = 0;
				GCC_PREPROCESSOR_DEFINITIONS = (
					"DEBUG=1",
					"$(inherited)",
				);
				GCC_WARN_64_TO_32_BIT_CONVERSION = YES;
				GCC_WARN_ABOUT_RETURN_TYPE = YES_ERROR;
				GCC_WARN_UNDECLARED_SELECTOR = YES;
				GCC_WARN_UNINITIALIZED_AUTOS = YES_AGGRESSIVE;
				GCC_WARN_UNUSED_FUNCTION = YES;
				GCC_WARN_UNUSED_VARIABLE = YES;
				IPHONEOS_DEPLOYMENT_TARGET = 9.0;
				MTL_ENABLE_DEBUG_INFO = YES;
				ONLY_ACTIVE_ARCH = YES;
				SDKROOT = iphoneos;
				SWIFT_OPTIMIZATION_LEVEL = "-Onone";
			};
			name = Debug;
		};
		CAE7D5E61BE06EA7006EBCF9 /* Release */ = {
			isa = XCBuildConfiguration;
			buildSettings = {
				ALWAYS_SEARCH_USER_PATHS = NO;
				CLANG_CXX_LANGUAGE_STANDARD = "gnu++0x";
				CLANG_CXX_LIBRARY = "libc++";
				CLANG_ENABLE_MODULES = YES;
				CLANG_ENABLE_OBJC_ARC = YES;
				CLANG_WARN_BOOL_CONVERSION = YES;
				CLANG_WARN_CONSTANT_CONVERSION = YES;
				CLANG_WARN_DIRECT_OBJC_ISA_USAGE = YES_ERROR;
				CLANG_WARN_EMPTY_BODY = YES;
				CLANG_WARN_ENUM_CONVERSION = YES;
				CLANG_WARN_INT_CONVERSION = YES;
				CLANG_WARN_OBJC_ROOT_CLASS = YES_ERROR;
				CLANG_WARN_UNREACHABLE_CODE = YES;
				CLANG_WARN__DUPLICATE_METHOD_MATCH = YES;
				"CODE_SIGN_IDENTITY[sdk=iphoneos*]" = "iPhone Developer";
				COPY_PHASE_STRIP = NO;
				DEBUG_INFORMATION_FORMAT = "dwarf-with-dsym";
				ENABLE_NS_ASSERTIONS = NO;
				ENABLE_STRICT_OBJC_MSGSEND = YES;
				GCC_C_LANGUAGE_STANDARD = gnu99;
				GCC_NO_COMMON_BLOCKS = YES;
				GCC_WARN_64_TO_32_BIT_CONVERSION = YES;
				GCC_WARN_ABOUT_RETURN_TYPE = YES_ERROR;
				GCC_WARN_UNDECLARED_SELECTOR = YES;
				GCC_WARN_UNINITIALIZED_AUTOS = YES_AGGRESSIVE;
				GCC_WARN_UNUSED_FUNCTION = YES;
				GCC_WARN_UNUSED_VARIABLE = YES;
				IPHONEOS_DEPLOYMENT_TARGET = 9.0;
				MTL_ENABLE_DEBUG_INFO = NO;
				SDKROOT = iphoneos;
				VALIDATE_PRODUCT = YES;
			};
			name = Release;
		};
		CAE7D5E81BE06EA7006EBCF9 /* Debug */ = {
			isa = XCBuildConfiguration;
			buildSettings = {
				ASSETCATALOG_COMPILER_APPICON_NAME = AppIcon;
				INFOPLIST_FILE = FloorMap/Info.plist;
				LD_RUNPATH_SEARCH_PATHS = "$(inherited) @executable_path/Frameworks";
				PRODUCT_BUNDLE_IDENTIFIER = com.teus.FloorMap;
				PRODUCT_NAME = "$(TARGET_NAME)";
				TARGETED_DEVICE_FAMILY = 1;
			};
			name = Debug;
		};
		CAE7D5E91BE06EA7006EBCF9 /* Release */ = {
			isa = XCBuildConfiguration;
			buildSettings = {
				ASSETCATALOG_COMPILER_APPICON_NAME = AppIcon;
				INFOPLIST_FILE = FloorMap/Info.plist;
				LD_RUNPATH_SEARCH_PATHS = "$(inherited) @executable_path/Frameworks";
				PRODUCT_BUNDLE_IDENTIFIER = com.teus.FloorMap;
				PRODUCT_NAME = "$(TARGET_NAME)";
				TARGETED_DEVICE_FAMILY = 1;
			};
			name = Release;
		};
		CAE7D5EB1BE06EA7006EBCF9 /* Debug */ = {
			isa = XCBuildConfiguration;
			buildSettings = {
				BUNDLE_LOADER = "$(TEST_HOST)";
				INFOPLIST_FILE = FloorMapTests/Info.plist;
				LD_RUNPATH_SEARCH_PATHS = "$(inherited) @executable_path/Frameworks @loader_path/Frameworks";
				PRODUCT_BUNDLE_IDENTIFIER = com.teus.FloorMapTests;
				PRODUCT_NAME = "$(TARGET_NAME)";
				TEST_HOST = "$(BUILT_PRODUCTS_DIR)/FloorMap.app/FloorMap";
			};
			name = Debug;
		};
		CAE7D5EC1BE06EA7006EBCF9 /* Release */ = {
			isa = XCBuildConfiguration;
			buildSettings = {
				BUNDLE_LOADER = "$(TEST_HOST)";
				INFOPLIST_FILE = FloorMapTests/Info.plist;
				LD_RUNPATH_SEARCH_PATHS = "$(inherited) @executable_path/Frameworks @loader_path/Frameworks";
				PRODUCT_BUNDLE_IDENTIFIER = com.teus.FloorMapTests;
				PRODUCT_NAME = "$(TARGET_NAME)";
				TEST_HOST = "$(BUILT_PRODUCTS_DIR)/FloorMap.app/FloorMap";
			};
			name = Release;
		};
		CAE7D5EE1BE06EA7006EBCF9 /* Debug */ = {
			isa = XCBuildConfiguration;
			buildSettings = {
				INFOPLIST_FILE = FloorMapUITests/Info.plist;
				LD_RUNPATH_SEARCH_PATHS = "$(inherited) @executable_path/Frameworks @loader_path/Frameworks";
				PRODUCT_BUNDLE_IDENTIFIER = com.teus.FloorMapUITests;
				PRODUCT_NAME = "$(TARGET_NAME)";
				TEST_TARGET_NAME = FloorMap;
				USES_XCTRUNNER = YES;
			};
			name = Debug;
		};
		CAE7D5EF1BE06EA7006EBCF9 /* Release */ = {
			isa = XCBuildConfiguration;
			buildSettings = {
				INFOPLIST_FILE = FloorMapUITests/Info.plist;
				LD_RUNPATH_SEARCH_PATHS = "$(inherited) @executable_path/Frameworks @loader_path/Frameworks";
				PRODUCT_BUNDLE_IDENTIFIER = com.teus.FloorMapUITests;
				PRODUCT_NAME = "$(TARGET_NAME)";
				TEST_TARGET_NAME = FloorMap;
				USES_XCTRUNNER = YES;
			};
			name = Release;
		};
/* End XCBuildConfiguration section */

/* Begin XCConfigurationList section */
		CAE7D5BA1BE06EA7006EBCF9 /* Build configuration list for PBXProject "FloorMap" */ = {
			isa = XCConfigurationList;
			buildConfigurations = (
				CAE7D5E51BE06EA7006EBCF9 /* Debug */,
				CAE7D5E61BE06EA7006EBCF9 /* Release */,
			);
			defaultConfigurationIsVisible = 0;
			defaultConfigurationName = Release;
		};
		CAE7D5E71BE06EA7006EBCF9 /* Build configuration list for PBXNativeTarget "FloorMap" */ = {
			isa = XCConfigurationList;
			buildConfigurations = (
				CAE7D5E81BE06EA7006EBCF9 /* Debug */,
				CAE7D5E91BE06EA7006EBCF9 /* Release */,
			);
			defaultConfigurationIsVisible = 0;
			defaultConfigurationName = Release;
		};
		CAE7D5EA1BE06EA7006EBCF9 /* Build configuration list for PBXNativeTarget "FloorMapTests" */ = {
			isa = XCConfigurationList;
			buildConfigurations = (
				CAE7D5EB1BE06EA7006EBCF9 /* Debug */,
				CAE7D5EC1BE06EA7006EBCF9 /* Release */,
			);
			defaultConfigurationIsVisible = 0;
			defaultConfigurationName = Release;
		};
		CAE7D5ED1BE06EA7006EBCF9 /* Build configuration list for PBXNativeTarget "FloorMapUITests" */ = {
			isa = XCConfigurationList;
			buildConfigurations = (
				CAE7D5EE1BE06EA7006EBCF9 /* Debug */,
				CAE7D5EF1BE06EA7006EBCF9 /* Release */,
			);
			defaultConfigurationIsVisible = 0;
			defaultConfigurationName = Release;
		};
/* End XCConfigurationList section */
	};
	rootObject = CAE7D5B71BE06EA7006EBCF9 /* Project object */;
}
